// !$*UTF8*$!
{
	archiveVersion = 1;
	classes = {
	};
	objectVersion = 50;
	objects = {

/* Begin PBXBuildFile section */
		4035C910267CC53900781320 /* AppDelegate.swift in Sources */ = {isa = PBXBuildFile; fileRef = 4035C90F267CC53900781320 /* AppDelegate.swift */; };
		4035C912267CC53900781320 /* SceneDelegate.swift in Sources */ = {isa = PBXBuildFile; fileRef = 4035C911267CC53900781320 /* SceneDelegate.swift */; };
		4035C914267CC53900781320 /* ViewController.swift in Sources */ = {isa = PBXBuildFile; fileRef = 4035C913267CC53900781320 /* ViewController.swift */; };
		4035C917267CC53900781320 /* Main.storyboard in Resources */ = {isa = PBXBuildFile; fileRef = 4035C915267CC53900781320 /* Main.storyboard */; };
		4035C919267CC53A00781320 /* Assets.xcassets in Resources */ = {isa = PBXBuildFile; fileRef = 4035C918267CC53A00781320 /* Assets.xcassets */; };
		4035C91C267CC53A00781320 /* LaunchScreen.storyboard in Resources */ = {isa = PBXBuildFile; fileRef = 4035C91A267CC53A00781320 /* LaunchScreen.storyboard */; };
		407A1F3D26CE1B320058F84D /* ExternalAccessory.framework in Frameworks */ = {isa = PBXBuildFile; fileRef = 407A1F3C26CE1B320058F84D /* ExternalAccessory.framework */; };
		4082661A268F221600068FC9 /* InformationSetting.swift in Sources */ = {isa = PBXBuildFile; fileRef = 40826619268F221600068FC9 /* InformationSetting.swift */; };
		4082661C268F243700068FC9 /* MyInformationTableViewController.swift in Sources */ = {isa = PBXBuildFile; fileRef = 4082661B268F243700068FC9 /* MyInformationTableViewController.swift */; };
		4089C1292690148C0085A52A /* ComposeViewController.swift in Sources */ = {isa = PBXBuildFile; fileRef = 4089C1282690148C0085A52A /* ComposeViewController.swift */; };
		4089C12B269017FD0085A52A /* UIViewController+Alert.swift in Sources */ = {isa = PBXBuildFile; fileRef = 4089C12A269017FD0085A52A /* UIViewController+Alert.swift */; };
		4089C12D26902EC20085A52A /* DetailViewController.swift in Sources */ = {isa = PBXBuildFile; fileRef = 4089C12C26902EC20085A52A /* DetailViewController.swift */; };
		409018B72695B09B00B652A8 /* FirstToyProject.xcdatamodeld in Sources */ = {isa = PBXBuildFile; fileRef = 409018B52695B09B00B652A8 /* FirstToyProject.xcdatamodeld */; };
		409018BA2695B23E00B652A8 /* DataManager.swift in Sources */ = {isa = PBXBuildFile; fileRef = 409018B92695B23E00B652A8 /* DataManager.swift */; };
		40DACE6D268B2BF000594E1D /* MemoListTableViewController.swift in Sources */ = {isa = PBXBuildFile; fileRef = 40DACE6C268B2BF000594E1D /* MemoListTableViewController.swift */; };
		40E9E5D1267E0AC200B21B41 /* MemoModel.swift in Sources */ = {isa = PBXBuildFile; fileRef = 40E9E5D0267E0AC200B21B41 /* MemoModel.swift */; };
/* End PBXBuildFile section */

/* Begin PBXFileReference section */
		4035C90C267CC53900781320 /* FirstToyProject.app */ = {isa = PBXFileReference; explicitFileType = wrapper.application; includeInIndex = 0; path = FirstToyProject.app; sourceTree = BUILT_PRODUCTS_DIR; };
		4035C90F267CC53900781320 /* AppDelegate.swift */ = {isa = PBXFileReference; lastKnownFileType = sourcecode.swift; path = AppDelegate.swift; sourceTree = "<group>"; };
		4035C911267CC53900781320 /* SceneDelegate.swift */ = {isa = PBXFileReference; lastKnownFileType = sourcecode.swift; path = SceneDelegate.swift; sourceTree = "<group>"; };
		4035C913267CC53900781320 /* ViewController.swift */ = {isa = PBXFileReference; lastKnownFileType = sourcecode.swift; path = ViewController.swift; sourceTree = "<group>"; };
		4035C916267CC53900781320 /* Base */ = {isa = PBXFileReference; lastKnownFileType = file.storyboard; name = Base; path = Base.lproj/Main.storyboard; sourceTree = "<group>"; };
		4035C918267CC53A00781320 /* Assets.xcassets */ = {isa = PBXFileReference; lastKnownFileType = folder.assetcatalog; path = Assets.xcassets; sourceTree = "<group>"; };
		4035C91B267CC53A00781320 /* Base */ = {isa = PBXFileReference; lastKnownFileType = file.storyboard; name = Base; path = Base.lproj/LaunchScreen.storyboard; sourceTree = "<group>"; };
		4035C91D267CC53A00781320 /* Info.plist */ = {isa = PBXFileReference; lastKnownFileType = text.plist.xml; path = Info.plist; sourceTree = "<group>"; };
		407A1F3C26CE1B320058F84D /* ExternalAccessory.framework */ = {isa = PBXFileReference; lastKnownFileType = wrapper.framework; name = ExternalAccessory.framework; path = System/Library/Frameworks/ExternalAccessory.framework; sourceTree = SDKROOT; };
		40826619268F221600068FC9 /* InformationSetting.swift */ = {isa = PBXFileReference; lastKnownFileType = sourcecode.swift; path = InformationSetting.swift; sourceTree = "<group>"; };
		4082661B268F243700068FC9 /* MyInformationTableViewController.swift */ = {isa = PBXFileReference; lastKnownFileType = sourcecode.swift; path = MyInformationTableViewController.swift; sourceTree = "<group>"; };
		4089C1282690148C0085A52A /* ComposeViewController.swift */ = {isa = PBXFileReference; lastKnownFileType = sourcecode.swift; path = ComposeViewController.swift; sourceTree = "<group>"; };
		4089C12A269017FD0085A52A /* UIViewController+Alert.swift */ = {isa = PBXFileReference; lastKnownFileType = sourcecode.swift; path = "UIViewController+Alert.swift"; sourceTree = "<group>"; };
		4089C12C26902EC20085A52A /* DetailViewController.swift */ = {isa = PBXFileReference; lastKnownFileType = sourcecode.swift; path = DetailViewController.swift; sourceTree = "<group>"; };
		409018B62695B09B00B652A8 /* FirstToyProject.xcdatamodel */ = {isa = PBXFileReference; lastKnownFileType = wrapper.xcdatamodel; path = FirstToyProject.xcdatamodel; sourceTree = "<group>"; };
		409018B92695B23E00B652A8 /* DataManager.swift */ = {isa = PBXFileReference; lastKnownFileType = sourcecode.swift; path = DataManager.swift; sourceTree = "<group>"; };
		40DACE6C268B2BF000594E1D /* MemoListTableViewController.swift */ = {isa = PBXFileReference; lastKnownFileType = sourcecode.swift; path = MemoListTableViewController.swift; sourceTree = "<group>"; };
		40DD25732697737C008C37D0 /* FirstToyProject.entitlements */ = {isa = PBXFileReference; lastKnownFileType = text.plist.entitlements; path = FirstToyProject.entitlements; sourceTree = "<group>"; };
		40E9E5D0267E0AC200B21B41 /* MemoModel.swift */ = {isa = PBXFileReference; lastKnownFileType = sourcecode.swift; path = MemoModel.swift; sourceTree = "<group>"; };
/* End PBXFileReference section */

/* Begin PBXFrameworksBuildPhase section */
		4035C909267CC53900781320 /* Frameworks */ = {
			isa = PBXFrameworksBuildPhase;
			buildActionMask = 2147483647;
			files = (
				407A1F3D26CE1B320058F84D /* ExternalAccessory.framework in Frameworks */,
			);
			runOnlyForDeploymentPostprocessing = 0;
		};
/* End PBXFrameworksBuildPhase section */

/* Begin PBXGroup section */
		4035C903267CC53900781320 = {
			isa = PBXGroup;
			children = (
				4035C90E267CC53900781320 /* FirstToyProject */,
				4035C90D267CC53900781320 /* Products */,
				407A1F3B26CE1B320058F84D /* Frameworks */,
			);
			sourceTree = "<group>";
		};
		4035C90D267CC53900781320 /* Products */ = {
			isa = PBXGroup;
			children = (
				4035C90C267CC53900781320 /* FirstToyProject.app */,
			);
			name = Products;
			sourceTree = "<group>";
		};
		4035C90E267CC53900781320 /* FirstToyProject */ = {
			isa = PBXGroup;
			children = (
				40DD25732697737C008C37D0 /* FirstToyProject.entitlements */,
				409018B82695B22800B652A8 /* Data */,
				40826618268F141400068FC9 /* Home */,
				40826617268F13F400068FC9 /* Target */,
				40826616268F13E800068FC9 /* Graph */,
				40826615268F138A00068FC9 /* MyInformation */,
				40E9E5CF267DFDCE00B21B41 /* Diary */,
				4035C90F267CC53900781320 /* AppDelegate.swift */,
				4035C911267CC53900781320 /* SceneDelegate.swift */,
				4035C913267CC53900781320 /* ViewController.swift */,
				4035C915267CC53900781320 /* Main.storyboard */,
				4035C91A267CC53A00781320 /* LaunchScreen.storyboard */,
				4035C918267CC53A00781320 /* Assets.xcassets */,
				4035C91D267CC53A00781320 /* Info.plist */,
				409018B52695B09B00B652A8 /* FirstToyProject.xcdatamodeld */,
			);
			path = FirstToyProject;
			sourceTree = "<group>";
		};
		407A1F3B26CE1B320058F84D /* Frameworks */ = {
			isa = PBXGroup;
			children = (
				407A1F3C26CE1B320058F84D /* ExternalAccessory.framework */,
			);
			name = Frameworks;
			sourceTree = "<group>";
		};
		40826615268F138A00068FC9 /* MyInformation */ = {
			isa = PBXGroup;
			children = (
				40826619268F221600068FC9 /* InformationSetting.swift */,
				4082661B268F243700068FC9 /* MyInformationTableViewController.swift */,
			);
			path = MyInformation;
			sourceTree = "<group>";
		};
		40826616268F13E800068FC9 /* Graph */ = {
			isa = PBXGroup;
			children = (
			);
			path = Graph;
			sourceTree = "<group>";
		};
		40826617268F13F400068FC9 /* Target */ = {
			isa = PBXGroup;
			children = (
			);
			path = Target;
			sourceTree = "<group>";
		};
		40826618268F141400068FC9 /* Home */ = {
			isa = PBXGroup;
			children = (
			);
			path = Home;
			sourceTree = "<group>";
		};
		409018B82695B22800B652A8 /* Data */ = {
			isa = PBXGroup;
			children = (
				409018B92695B23E00B652A8 /* DataManager.swift */,
			);
			path = Data;
			sourceTree = "<group>";
		};
		40E9E5CF267DFDCE00B21B41 /* Diary */ = {
			isa = PBXGroup;
			children = (
				40E9E5D0267E0AC200B21B41 /* MemoModel.swift */,
				40DACE6C268B2BF000594E1D /* MemoListTableViewController.swift */,
				4089C1282690148C0085A52A /* ComposeViewController.swift */,
				4089C12A269017FD0085A52A /* UIViewController+Alert.swift */,
				4089C12C26902EC20085A52A /* DetailViewController.swift */,
			);
			path = Diary;
			sourceTree = "<group>";
		};
/* End PBXGroup section */

/* Begin PBXNativeTarget section */
		4035C90B267CC53900781320 /* FirstToyProject */ = {
			isa = PBXNativeTarget;
			buildConfigurationList = 4035C920267CC53A00781320 /* Build configuration list for PBXNativeTarget "FirstToyProject" */;
			buildPhases = (
				4035C908267CC53900781320 /* Sources */,
				4035C909267CC53900781320 /* Frameworks */,
				4035C90A267CC53900781320 /* Resources */,
			);
			buildRules = (
			);
			dependencies = (
			);
			name = FirstToyProject;
			productName = FirstToyProject;
			productReference = 4035C90C267CC53900781320 /* FirstToyProject.app */;
			productType = "com.apple.product-type.application";
		};
/* End PBXNativeTarget section */

/* Begin PBXProject section */
		4035C904267CC53900781320 /* Project object */ = {
			isa = PBXProject;
			attributes = {
				KnownAssetTags = (
					New,
				);
				LastSwiftUpdateCheck = 1250;
				LastUpgradeCheck = 1250;
				TargetAttributes = {
					4035C90B267CC53900781320 = {
						CreatedOnToolsVersion = 12.5;
					};
				};
			};
			buildConfigurationList = 4035C907267CC53900781320 /* Build configuration list for PBXProject "FirstToyProject" */;
			compatibilityVersion = "Xcode 9.3";
			developmentRegion = en;
			hasScannedForEncodings = 0;
			knownRegions = (
				en,
				Base,
			);
			mainGroup = 4035C903267CC53900781320;
			productRefGroup = 4035C90D267CC53900781320 /* Products */;
			projectDirPath = "";
			projectRoot = "";
			targets = (
				4035C90B267CC53900781320 /* FirstToyProject */,
			);
		};
/* End PBXProject section */

/* Begin PBXResourcesBuildPhase section */
		4035C90A267CC53900781320 /* Resources */ = {
			isa = PBXResourcesBuildPhase;
			buildActionMask = 2147483647;
			files = (
				4035C91C267CC53A00781320 /* LaunchScreen.storyboard in Resources */,
				4035C919267CC53A00781320 /* Assets.xcassets in Resources */,
				4035C917267CC53900781320 /* Main.storyboard in Resources */,
			);
			runOnlyForDeploymentPostprocessing = 0;
		};
/* End PBXResourcesBuildPhase section */

/* Begin PBXSourcesBuildPhase section */
		4035C908267CC53900781320 /* Sources */ = {
			isa = PBXSourcesBuildPhase;
			buildActionMask = 2147483647;
			files = (
				4089C12B269017FD0085A52A /* UIViewController+Alert.swift in Sources */,
				409018BA2695B23E00B652A8 /* DataManager.swift in Sources */,
				4082661C268F243700068FC9 /* MyInformationTableViewController.swift in Sources */,
				4035C914267CC53900781320 /* ViewController.swift in Sources */,
				409018B72695B09B00B652A8 /* FirstToyProject.xcdatamodeld in Sources */,
				4082661A268F221600068FC9 /* InformationSetting.swift in Sources */,
				4089C1292690148C0085A52A /* ComposeViewController.swift in Sources */,
				4035C910267CC53900781320 /* AppDelegate.swift in Sources */,
				40DACE6D268B2BF000594E1D /* MemoListTableViewController.swift in Sources */,
				4089C12D26902EC20085A52A /* DetailViewController.swift in Sources */,
				4035C912267CC53900781320 /* SceneDelegate.swift in Sources */,
				40E9E5D1267E0AC200B21B41 /* MemoModel.swift in Sources */,
			);
			runOnlyForDeploymentPostprocessing = 0;
		};
/* End PBXSourcesBuildPhase section */

/* Begin PBXVariantGroup section */
		4035C915267CC53900781320 /* Main.storyboard */ = {
			isa = PBXVariantGroup;
			children = (
				4035C916267CC53900781320 /* Base */,
			);
			name = Main.storyboard;
			sourceTree = "<group>";
		};
		4035C91A267CC53A00781320 /* LaunchScreen.storyboard */ = {
			isa = PBXVariantGroup;
			children = (
				4035C91B267CC53A00781320 /* Base */,
			);
			name = LaunchScreen.storyboard;
			sourceTree = "<group>";
		};
/* End PBXVariantGroup section */

/* Begin XCBuildConfiguration section */
		4035C91E267CC53A00781320 /* Debug */ = {
			isa = XCBuildConfiguration;
			buildSettings = {
				ALWAYS_SEARCH_USER_PATHS = NO;
				CLANG_ANALYZER_NONNULL = YES;
				CLANG_ANALYZER_NUMBER_OBJECT_CONVERSION = YES_AGGRESSIVE;
				CLANG_CXX_LANGUAGE_STANDARD = "gnu++14";
				CLANG_CXX_LIBRARY = "libc++";
				CLANG_ENABLE_MODULES = YES;
				CLANG_ENABLE_OBJC_ARC = YES;
				CLANG_ENABLE_OBJC_WEAK = YES;
				CLANG_WARN_BLOCK_CAPTURE_AUTORELEASING = YES;
				CLANG_WARN_BOOL_CONVERSION = YES;
				CLANG_WARN_COMMA = YES;
				CLANG_WARN_CONSTANT_CONVERSION = YES;
				CLANG_WARN_DEPRECATED_OBJC_IMPLEMENTATIONS = YES;
				CLANG_WARN_DIRECT_OBJC_ISA_USAGE = YES_ERROR;
				CLANG_WARN_DOCUMENTATION_COMMENTS = YES;
				CLANG_WARN_EMPTY_BODY = YES;
				CLANG_WARN_ENUM_CONVERSION = YES;
				CLANG_WARN_INFINITE_RECURSION = YES;
				CLANG_WARN_INT_CONVERSION = YES;
				CLANG_WARN_NON_LITERAL_NULL_CONVERSION = YES;
				CLANG_WARN_OBJC_IMPLICIT_RETAIN_SELF = YES;
				CLANG_WARN_OBJC_LITERAL_CONVERSION = YES;
				CLANG_WARN_OBJC_ROOT_CLASS = YES_ERROR;
				CLANG_WARN_QUOTED_INCLUDE_IN_FRAMEWORK_HEADER = YES;
				CLANG_WARN_RANGE_LOOP_ANALYSIS = YES;
				CLANG_WARN_STRICT_PROTOTYPES = YES;
				CLANG_WARN_SUSPICIOUS_MOVE = YES;
				CLANG_WARN_UNGUARDED_AVAILABILITY = YES_AGGRESSIVE;
				CLANG_WARN_UNREACHABLE_CODE = YES;
				CLANG_WARN__DUPLICATE_METHOD_MATCH = YES;
				COPY_PHASE_STRIP = NO;
				DEBUG_INFORMATION_FORMAT = dwarf;
				ENABLE_STRICT_OBJC_MSGSEND = YES;
				ENABLE_TESTABILITY = YES;
				GCC_C_LANGUAGE_STANDARD = gnu11;
				GCC_DYNAMIC_NO_PIC = NO;
				GCC_NO_COMMON_BLOCKS = YES;
				GCC_OPTIMIZATION_LEVEL = 0;
				GCC_PREPROCESSOR_DEFINITIONS = (
					"DEBUG=1",
					"$(inherited)",
				);
				GCC_WARN_64_TO_32_BIT_CONVERSION = YES;
				GCC_WARN_ABOUT_RETURN_TYPE = YES_ERROR;
				GCC_WARN_UNDECLARED_SELECTOR = YES;
				GCC_WARN_UNINITIALIZED_AUTOS = YES_AGGRESSIVE;
				GCC_WARN_UNUSED_FUNCTION = YES;
				GCC_WARN_UNUSED_VARIABLE = YES;
				IPHONEOS_DEPLOYMENT_TARGET = 14.5;
				MTL_ENABLE_DEBUG_INFO = INCLUDE_SOURCE;
				MTL_FAST_MATH = YES;
				ONLY_ACTIVE_ARCH = YES;
				SDKROOT = iphoneos;
				SWIFT_ACTIVE_COMPILATION_CONDITIONS = DEBUG;
				SWIFT_OPTIMIZATION_LEVEL = "-Onone";
			};
			name = Debug;
		};
		4035C91F267CC53A00781320 /* Release */ = {
			isa = XCBuildConfiguration;
			buildSettings = {
				ALWAYS_SEARCH_USER_PATHS = NO;
				CLANG_ANALYZER_NONNULL = YES;
				CLANG_ANALYZER_NUMBER_OBJECT_CONVERSION = YES_AGGRESSIVE;
				CLANG_CXX_LANGUAGE_STANDARD = "gnu++14";
				CLANG_CXX_LIBRARY = "libc++";
				CLANG_ENABLE_MODULES = YES;
				CLANG_ENABLE_OBJC_ARC = YES;
				CLANG_ENABLE_OBJC_WEAK = YES;
				CLANG_WARN_BLOCK_CAPTURE_AUTORELEASING = YES;
				CLANG_WARN_BOOL_CONVERSION = YES;
				CLANG_WARN_COMMA = YES;
				CLANG_WARN_CONSTANT_CONVERSION = YES;
				CLANG_WARN_DEPRECATED_OBJC_IMPLEMENTATIONS = YES;
				CLANG_WARN_DIRECT_OBJC_ISA_USAGE = YES_ERROR;
				CLANG_WARN_DOCUMENTATION_COMMENTS = YES;
				CLANG_WARN_EMPTY_BODY = YES;
				CLANG_WARN_ENUM_CONVERSION = YES;
				CLANG_WARN_INFINITE_RECURSION = YES;
				CLANG_WARN_INT_CONVERSION = YES;
				CLANG_WARN_NON_LITERAL_NULL_CONVERSION = YES;
				CLANG_WARN_OBJC_IMPLICIT_RETAIN_SELF = YES;
				CLANG_WARN_OBJC_LITERAL_CONVERSION = YES;
				CLANG_WARN_OBJC_ROOT_CLASS = YES_ERROR;
				CLANG_WARN_QUOTED_INCLUDE_IN_FRAMEWORK_HEADER = YES;
				CLANG_WARN_RANGE_LOOP_ANALYSIS = YES;
				CLANG_WARN_STRICT_PROTOTYPES = YES;
				CLANG_WARN_SUSPICIOUS_MOVE = YES;
				CLANG_WARN_UNGUARDED_AVAILABILITY = YES_AGGRESSIVE;
				CLANG_WARN_UNREACHABLE_CODE = YES;
				CLANG_WARN__DUPLICATE_METHOD_MATCH = YES;
				COPY_PHASE_STRIP = NO;
				DEBUG_INFORMATION_FORMAT = "dwarf-with-dsym";
				ENABLE_NS_ASSERTIONS = NO;
				ENABLE_STRICT_OBJC_MSGSEND = YES;
				GCC_C_LANGUAGE_STANDARD = gnu11;
				GCC_NO_COMMON_BLOCKS = YES;
				GCC_WARN_64_TO_32_BIT_CONVERSION = YES;
				GCC_WARN_ABOUT_RETURN_TYPE = YES_ERROR;
				GCC_WARN_UNDECLARED_SELECTOR = YES;
				GCC_WARN_UNINITIALIZED_AUTOS = YES_AGGRESSIVE;
				GCC_WARN_UNUSED_FUNCTION = YES;
				GCC_WARN_UNUSED_VARIABLE = YES;
				IPHONEOS_DEPLOYMENT_TARGET = 14.5;
				MTL_ENABLE_DEBUG_INFO = NO;
				MTL_FAST_MATH = YES;
				SDKROOT = iphoneos;
				SWIFT_COMPILATION_MODE = wholemodule;
				SWIFT_OPTIMIZATION_LEVEL = "-O";
				VALIDATE_PRODUCT = YES;
			};
			name = Release;
		};
		4035C921267CC53A00781320 /* Debug */ = {
			isa = XCBuildConfiguration;
			buildSettings = {
				ASSETCATALOG_COMPILER_APPICON_NAME = AppIcon;
				ASSETCATALOG_COMPILER_GLOBAL_ACCENT_COLOR_NAME = AccentColor;
				CODE_SIGN_ENTITLEMENTS = FirstToyProject/FirstToyProject.entitlements;
				CODE_SIGN_STYLE = Automatic;
				DEVELOPMENT_TEAM = L765CYF8SR;
				INFOPLIST_FILE = FirstToyProject/Info.plist;
				IPHONEOS_DEPLOYMENT_TARGET = 14.5;
				LD_RUNPATH_SEARCH_PATHS = (
					"$(inherited)",
					"@executable_path/Frameworks",
				);
				PRODUCT_BUNDLE_IDENTIFIER = com.jihun.FirstToyProject;
				PRODUCT_NAME = "$(TARGET_NAME)";
				SUPPORTS_MACCATALYST = NO;
				SWIFT_VERSION = 5.0;
				TARGETED_DEVICE_FAMILY = "1,2";
			};
			name = Debug;
		};
		4035C922267CC53A00781320 /* Release */ = {
			isa = XCBuildConfiguration;
			buildSettings = {
				ASSETCATALOG_COMPILER_APPICON_NAME = AppIcon;
				ASSETCATALOG_COMPILER_GLOBAL_ACCENT_COLOR_NAME = AccentColor;
				CODE_SIGN_ENTITLEMENTS = FirstToyProject/FirstToyProject.entitlements;
				CODE_SIGN_STYLE = Automatic;
				DEVELOPMENT_TEAM = L765CYF8SR;
				INFOPLIST_FILE = FirstToyProject/Info.plist;
				IPHONEOS_DEPLOYMENT_TARGET = 14.5;
				LD_RUNPATH_SEARCH_PATHS = (
					"$(inherited)",
					"@executable_path/Frameworks",
				);
				PRODUCT_BUNDLE_IDENTIFIER = com.jihun.FirstToyProject;
				PRODUCT_NAME = "$(TARGET_NAME)";
				SUPPORTS_MACCATALYST = NO;
				SWIFT_VERSION = 5.0;
				TARGETED_DEVICE_FAMILY = "1,2";
			};
			name = Release;
		};
/* End XCBuildConfiguration section */

/* Begin XCConfigurationList section */
		4035C907267CC53900781320 /* Build configuration list for PBXProject "FirstToyProject" */ = {
			isa = XCConfigurationList;
			buildConfigurations = (
				4035C91E267CC53A00781320 /* Debug */,
				4035C91F267CC53A00781320 /* Release */,
			);
			defaultConfigurationIsVisible = 0;
			defaultConfigurationName = Release;
		};
		4035C920267CC53A00781320 /* Build configuration list for PBXNativeTarget "FirstToyProject" */ = {
			isa = XCConfigurationList;
			buildConfigurations = (
				4035C921267CC53A00781320 /* Debug */,
				4035C922267CC53A00781320 /* Release */,
			);
			defaultConfigurationIsVisible = 0;
			defaultConfigurationName = Release;
		};
/* End XCConfigurationList section */

/* Begin XCVersionGroup section */
		409018B52695B09B00B652A8 /* FirstToyProject.xcdatamodeld */ = {
			isa = XCVersionGroup;
			children = (
				409018B62695B09B00B652A8 /* FirstToyProject.xcdatamodel */,
			);
			currentVersion = 409018B62695B09B00B652A8 /* FirstToyProject.xcdatamodel */;
			path = FirstToyProject.xcdatamodeld;
			sourceTree = "<group>";
			versionGroupType = wrapper.xcdatamodel;
		};
/* End XCVersionGroup section */
	};
	rootObject = 4035C904267CC53900781320 /* Project object */;
}
