// !$*UTF8*$!
{
	archiveVersion = 1;
	classes = {
	};
	objectVersion = 51;
	objects = {

/* Begin PBXBuildFile section */
		40258FEF26AEE2630095F8E0 /* AppDelegate.swift in Sources */ = {isa = PBXBuildFile; fileRef = 40258FEE26AEE2630095F8E0 /* AppDelegate.swift */; };
		40258FF126AEE2630095F8E0 /* SceneDelegate.swift in Sources */ = {isa = PBXBuildFile; fileRef = 40258FF026AEE2630095F8E0 /* SceneDelegate.swift */; };
		40258FF326AEE2630095F8E0 /* ViewController.swift in Sources */ = {isa = PBXBuildFile; fileRef = 40258FF226AEE2630095F8E0 /* ViewController.swift */; };
		40258FF626AEE2630095F8E0 /* Main.storyboard in Resources */ = {isa = PBXBuildFile; fileRef = 40258FF426AEE2630095F8E0 /* Main.storyboard */; };
		40258FF826AEE2650095F8E0 /* Assets.xcassets in Resources */ = {isa = PBXBuildFile; fileRef = 40258FF726AEE2650095F8E0 /* Assets.xcassets */; };
		40258FFB26AEE2650095F8E0 /* LaunchScreen.storyboard in Resources */ = {isa = PBXBuildFile; fileRef = 40258FF926AEE2650095F8E0 /* LaunchScreen.storyboard */; };
		4043701426B091FF00584E65 /* 장기기억력을 높이는 6Hz 세타파.mp3 in Resources */ = {isa = PBXBuildFile; fileRef = 4043701326B091FF00584E65 /* 장기기억력을 높이는 6Hz 세타파.mp3 */; };
		40B4009126B1E40900427F66 /* 회복 수면2 Hz델타파.mp3 in Resources */ = {isa = PBXBuildFile; fileRef = 40B4009026B1E40900427F66 /* 회복 수면2 Hz델타파.mp3 */; };
		40B4009926B311B200427F66 /* 숲.mp3 in Resources */ = {isa = PBXBuildFile; fileRef = 40B4009226B311A900427F66 /* 숲.mp3 */; };
		40B4009A26B311B200427F66 /* 키보드.mp3 in Resources */ = {isa = PBXBuildFile; fileRef = 40B4009326B311AA00427F66 /* 키보드.mp3 */; };
		40B4009B26B311B200427F66 /* 바람소리.mp3 in Resources */ = {isa = PBXBuildFile; fileRef = 40B4009426B311AC00427F66 /* 바람소리.mp3 */; };
		40B4009C26B311B200427F66 /* 파도소리.mp3 in Resources */ = {isa = PBXBuildFile; fileRef = 40B4009526B311AE00427F66 /* 파도소리.mp3 */; };
		40B4009D26B311B200427F66 /* 비.mp3 in Resources */ = {isa = PBXBuildFile; fileRef = 40B4009626B311AF00427F66 /* 비.mp3 */; };
		40B4009E26B311B200427F66 /* 불.mp3 in Resources */ = {isa = PBXBuildFile; fileRef = 40B4009726B311B100427F66 /* 불.mp3 */; };
		40B4009F26B311B200427F66 /* 연필.mp3 in Resources */ = {isa = PBXBuildFile; fileRef = 40B4009826B311B200427F66 /* 연필.mp3 */; };
		8599E30A6E8E4FEADD9E24A3 /* Pods_NapsandMeditationAlarms.framework in Frameworks */ = {isa = PBXBuildFile; fileRef = 78C576173119E793EC4E76DD /* Pods_NapsandMeditationAlarms.framework */; };
/* End PBXBuildFile section */

/* Begin PBXFileReference section */
		0607256AB82011A494E11A58 /* Pods-NapsandMeditationAlarms.release.xcconfig */ = {isa = PBXFileReference; includeInIndex = 1; lastKnownFileType = text.xcconfig; name = "Pods-NapsandMeditationAlarms.release.xcconfig"; path = "Target Support Files/Pods-NapsandMeditationAlarms/Pods-NapsandMeditationAlarms.release.xcconfig"; sourceTree = "<group>"; };
		40258FEB26AEE2630095F8E0 /* NapsandMeditationAlarms.app */ = {isa = PBXFileReference; explicitFileType = wrapper.application; includeInIndex = 0; path = NapsandMeditationAlarms.app; sourceTree = BUILT_PRODUCTS_DIR; };
		40258FEE26AEE2630095F8E0 /* AppDelegate.swift */ = {isa = PBXFileReference; lastKnownFileType = sourcecode.swift; path = AppDelegate.swift; sourceTree = "<group>"; };
		40258FF026AEE2630095F8E0 /* SceneDelegate.swift */ = {isa = PBXFileReference; lastKnownFileType = sourcecode.swift; path = SceneDelegate.swift; sourceTree = "<group>"; };
		40258FF226AEE2630095F8E0 /* ViewController.swift */ = {isa = PBXFileReference; lastKnownFileType = sourcecode.swift; path = ViewController.swift; sourceTree = "<group>"; };
		40258FF526AEE2630095F8E0 /* Base */ = {isa = PBXFileReference; lastKnownFileType = file.storyboard; name = Base; path = Base.lproj/Main.storyboard; sourceTree = "<group>"; };
		40258FF726AEE2650095F8E0 /* Assets.xcassets */ = {isa = PBXFileReference; lastKnownFileType = folder.assetcatalog; path = Assets.xcassets; sourceTree = "<group>"; };
		40258FFA26AEE2650095F8E0 /* Base */ = {isa = PBXFileReference; lastKnownFileType = file.storyboard; name = Base; path = Base.lproj/LaunchScreen.storyboard; sourceTree = "<group>"; };
		40258FFC26AEE2650095F8E0 /* Info.plist */ = {isa = PBXFileReference; lastKnownFileType = text.plist.xml; path = Info.plist; sourceTree = "<group>"; };
		4043701326B091FF00584E65 /* 장기기억력을 높이는 6Hz 세타파.mp3 */ = {isa = PBXFileReference; lastKnownFileType = audio.mp3; path = "장기기억력을 높이는 6Hz 세타파.mp3"; sourceTree = "<group>"; };
		40B4009026B1E40900427F66 /* 회복 수면2 Hz델타파.mp3 */ = {isa = PBXFileReference; lastKnownFileType = audio.mp3; path = "회복 수면2 Hz델타파.mp3"; sourceTree = "<group>"; };
		40B4009226B311A900427F66 /* 숲.mp3 */ = {isa = PBXFileReference; lastKnownFileType = audio.mp3; path = "숲.mp3"; sourceTree = "<group>"; };
		40B4009326B311AA00427F66 /* 키보드.mp3 */ = {isa = PBXFileReference; lastKnownFileType = audio.mp3; path = "키보드.mp3"; sourceTree = "<group>"; };
		40B4009426B311AC00427F66 /* 바람소리.mp3 */ = {isa = PBXFileReference; lastKnownFileType = audio.mp3; path = "바람소리.mp3"; sourceTree = "<group>"; };
		40B4009526B311AE00427F66 /* 파도소리.mp3 */ = {isa = PBXFileReference; lastKnownFileType = audio.mp3; path = "파도소리.mp3"; sourceTree = "<group>"; };
		40B4009626B311AF00427F66 /* 비.mp3 */ = {isa = PBXFileReference; lastKnownFileType = audio.mp3; path = "비.mp3"; sourceTree = "<group>"; };
		40B4009726B311B100427F66 /* 불.mp3 */ = {isa = PBXFileReference; lastKnownFileType = audio.mp3; path = "불.mp3"; sourceTree = "<group>"; };
		40B4009826B311B200427F66 /* 연필.mp3 */ = {isa = PBXFileReference; lastKnownFileType = audio.mp3; path = "연필.mp3"; sourceTree = "<group>"; };
		641AD4D99DACAC41CA7DDC7F /* Pods-NapsandMeditationAlarms.debug.xcconfig */ = {isa = PBXFileReference; includeInIndex = 1; lastKnownFileType = text.xcconfig; name = "Pods-NapsandMeditationAlarms.debug.xcconfig"; path = "Target Support Files/Pods-NapsandMeditationAlarms/Pods-NapsandMeditationAlarms.debug.xcconfig"; sourceTree = "<group>"; };
		78C576173119E793EC4E76DD /* Pods_NapsandMeditationAlarms.framework */ = {isa = PBXFileReference; explicitFileType = wrapper.framework; includeInIndex = 0; path = Pods_NapsandMeditationAlarms.framework; sourceTree = BUILT_PRODUCTS_DIR; };
/* End PBXFileReference section */

/* Begin PBXFrameworksBuildPhase section */
		40258FE826AEE2630095F8E0 /* Frameworks */ = {
			isa = PBXFrameworksBuildPhase;
			buildActionMask = 2147483647;
			files = (
				8599E30A6E8E4FEADD9E24A3 /* Pods_NapsandMeditationAlarms.framework in Frameworks */,
			);
			runOnlyForDeploymentPostprocessing = 0;
		};
/* End PBXFrameworksBuildPhase section */

/* Begin PBXGroup section */
		40258FE226AEE2630095F8E0 = {
			isa = PBXGroup;
			children = (
				4043701226B091BE00584E65 /* Music */,
				40258FED26AEE2630095F8E0 /* NapsandMeditationAlarms */,
				40258FEC26AEE2630095F8E0 /* Products */,
				D7472DE8809E81748DC41F1B /* Pods */,
				9C99EBBECE9C9D7A0F1B9FFE /* Frameworks */,
			);
			sourceTree = "<group>";
		};
		40258FEC26AEE2630095F8E0 /* Products */ = {
			isa = PBXGroup;
			children = (
				40258FEB26AEE2630095F8E0 /* NapsandMeditationAlarms.app */,
			);
			name = Products;
			sourceTree = "<group>";
		};
		40258FED26AEE2630095F8E0 /* NapsandMeditationAlarms */ = {
			isa = PBXGroup;
			children = (
				40258FEE26AEE2630095F8E0 /* AppDelegate.swift */,
				40258FF026AEE2630095F8E0 /* SceneDelegate.swift */,
				40258FF226AEE2630095F8E0 /* ViewController.swift */,
				40258FF426AEE2630095F8E0 /* Main.storyboard */,
				40258FF726AEE2650095F8E0 /* Assets.xcassets */,
				40258FF926AEE2650095F8E0 /* LaunchScreen.storyboard */,
				40258FFC26AEE2650095F8E0 /* Info.plist */,
			);
			path = NapsandMeditationAlarms;
			sourceTree = "<group>";
		};
		4043701226B091BE00584E65 /* Music */ = {
			isa = PBXGroup;
			children = (
				40B4009026B1E40900427F66 /* 회복 수면2 Hz델타파.mp3 */,
				4043701326B091FF00584E65 /* 장기기억력을 높이는 6Hz 세타파.mp3 */,
				40B4009426B311AC00427F66 /* 바람소리.mp3 */,
				40B4009726B311B100427F66 /* 불.mp3 */,
				40B4009626B311AF00427F66 /* 비.mp3 */,
				40B4009226B311A900427F66 /* 숲.mp3 */,
				40B4009826B311B200427F66 /* 연필.mp3 */,
				40B4009326B311AA00427F66 /* 키보드.mp3 */,
				40B4009526B311AE00427F66 /* 파도소리.mp3 */,
			);
			path = Music;
			sourceTree = "<group>";
		};
		9C99EBBECE9C9D7A0F1B9FFE /* Frameworks */ = {
			isa = PBXGroup;
			children = (
				78C576173119E793EC4E76DD /* Pods_NapsandMeditationAlarms.framework */,
			);
			name = Frameworks;
			sourceTree = "<group>";
		};
		D7472DE8809E81748DC41F1B /* Pods */ = {
			isa = PBXGroup;
			children = (
				641AD4D99DACAC41CA7DDC7F /* Pods-NapsandMeditationAlarms.debug.xcconfig */,
				0607256AB82011A494E11A58 /* Pods-NapsandMeditationAlarms.release.xcconfig */,
			);
			path = Pods;
			sourceTree = "<group>";
		};
/* End PBXGroup section */

/* Begin PBXNativeTarget section */
		40258FEA26AEE2630095F8E0 /* NapsandMeditationAlarms */ = {
			isa = PBXNativeTarget;
			buildConfigurationList = 40258FFF26AEE2650095F8E0 /* Build configuration list for PBXNativeTarget "NapsandMeditationAlarms" */;
			buildPhases = (
				27F7C98867C4D3B06A1F818F /* [CP] Check Pods Manifest.lock */,
				40258FE726AEE2630095F8E0 /* Sources */,
				40258FE826AEE2630095F8E0 /* Frameworks */,
				40258FE926AEE2630095F8E0 /* Resources */,
				0D2A125C2F3EAB537E0E9471 /* [CP] Embed Pods Frameworks */,
			);
			buildRules = (
			);
			dependencies = (
			);
			name = NapsandMeditationAlarms;
			productName = NapsandMeditationAlarms;
			productReference = 40258FEB26AEE2630095F8E0 /* NapsandMeditationAlarms.app */;
			productType = "com.apple.product-type.application";
		};
/* End PBXNativeTarget section */

/* Begin PBXProject section */
		40258FE326AEE2630095F8E0 /* Project object */ = {
			isa = PBXProject;
			attributes = {
				LastSwiftUpdateCheck = 1250;
				LastUpgradeCheck = 1250;
				TargetAttributes = {
					40258FEA26AEE2630095F8E0 = {
						CreatedOnToolsVersion = 12.5.1;
					};
				};
			};
			buildConfigurationList = 40258FE626AEE2630095F8E0 /* Build configuration list for PBXProject "NapsandMeditationAlarms" */;
			compatibilityVersion = "Xcode 9.3";
			developmentRegion = en;
			hasScannedForEncodings = 0;
			knownRegions = (
				en,
				Base,
			);
			mainGroup = 40258FE226AEE2630095F8E0;
			productRefGroup = 40258FEC26AEE2630095F8E0 /* Products */;
			projectDirPath = "";
			projectRoot = "";
			targets = (
				40258FEA26AEE2630095F8E0 /* NapsandMeditationAlarms */,
			);
		};
/* End PBXProject section */

/* Begin PBXResourcesBuildPhase section */
		40258FE926AEE2630095F8E0 /* Resources */ = {
			isa = PBXResourcesBuildPhase;
			buildActionMask = 2147483647;
			files = (
				40B4009D26B311B200427F66 /* 비.mp3 in Resources */,
				40B4009C26B311B200427F66 /* 파도소리.mp3 in Resources */,
				40B4009F26B311B200427F66 /* 연필.mp3 in Resources */,
				40B4009126B1E40900427F66 /* 회복 수면2 Hz델타파.mp3 in Resources */,
				4043701426B091FF00584E65 /* 장기기억력을 높이는 6Hz 세타파.mp3 in Resources */,
				40B4009E26B311B200427F66 /* 불.mp3 in Resources */,
				40B4009A26B311B200427F66 /* 키보드.mp3 in Resources */,
				40258FFB26AEE2650095F8E0 /* LaunchScreen.storyboard in Resources */,
				40B4009B26B311B200427F66 /* 바람소리.mp3 in Resources */,
				40B4009926B311B200427F66 /* 숲.mp3 in Resources */,
				40258FF826AEE2650095F8E0 /* Assets.xcassets in Resources */,
				40258FF626AEE2630095F8E0 /* Main.storyboard in Resources */,
			);
			runOnlyForDeploymentPostprocessing = 0;
		};
/* End PBXResourcesBuildPhase section */

/* Begin PBXShellScriptBuildPhase section */
		0D2A125C2F3EAB537E0E9471 /* [CP] Embed Pods Frameworks */ = {
			isa = PBXShellScriptBuildPhase;
			buildActionMask = 2147483647;
			files = (
			);
			inputFileListPaths = (
				"${PODS_ROOT}/Target Support Files/Pods-NapsandMeditationAlarms/Pods-NapsandMeditationAlarms-frameworks-${CONFIGURATION}-input-files.xcfilelist",
			);
			name = "[CP] Embed Pods Frameworks";
			outputFileListPaths = (
				"${PODS_ROOT}/Target Support Files/Pods-NapsandMeditationAlarms/Pods-NapsandMeditationAlarms-frameworks-${CONFIGURATION}-output-files.xcfilelist",
			);
			runOnlyForDeploymentPostprocessing = 0;
			shellPath = /bin/sh;
			shellScript = "\"${PODS_ROOT}/Target Support Files/Pods-NapsandMeditationAlarms/Pods-NapsandMeditationAlarms-frameworks.sh\"\n";
			showEnvVarsInLog = 0;
		};
		27F7C98867C4D3B06A1F818F /* [CP] Check Pods Manifest.lock */ = {
			isa = PBXShellScriptBuildPhase;
			buildActionMask = 2147483647;
			files = (
			);
			inputFileListPaths = (
			);
			inputPaths = (
				"${PODS_PODFILE_DIR_PATH}/Podfile.lock",
				"${PODS_ROOT}/Manifest.lock",
			);
			name = "[CP] Check Pods Manifest.lock";
			outputFileListPaths = (
			);
			outputPaths = (
				"$(DERIVED_FILE_DIR)/Pods-NapsandMeditationAlarms-checkManifestLockResult.txt",
			);
			runOnlyForDeploymentPostprocessing = 0;
			shellPath = /bin/sh;
			shellScript = "diff \"${PODS_PODFILE_DIR_PATH}/Podfile.lock\" \"${PODS_ROOT}/Manifest.lock\" > /dev/null\nif [ $? != 0 ] ; then\n    # print error to STDERR\n    echo \"error: The sandbox is not in sync with the Podfile.lock. Run 'pod install' or update your CocoaPods installation.\" >&2\n    exit 1\nfi\n# This output is used by Xcode 'outputs' to avoid re-running this script phase.\necho \"SUCCESS\" > \"${SCRIPT_OUTPUT_FILE_0}\"\n";
			showEnvVarsInLog = 0;
		};
/* End PBXShellScriptBuildPhase section */

/* Begin PBXSourcesBuildPhase section */
		40258FE726AEE2630095F8E0 /* Sources */ = {
			isa = PBXSourcesBuildPhase;
			buildActionMask = 2147483647;
			files = (
				40258FF326AEE2630095F8E0 /* ViewController.swift in Sources */,
				40258FEF26AEE2630095F8E0 /* AppDelegate.swift in Sources */,
				40258FF126AEE2630095F8E0 /* SceneDelegate.swift in Sources */,
			);
			runOnlyForDeploymentPostprocessing = 0;
		};
/* End PBXSourcesBuildPhase section */

/* Begin PBXVariantGroup section */
		40258FF426AEE2630095F8E0 /* Main.storyboard */ = {
			isa = PBXVariantGroup;
			children = (
				40258FF526AEE2630095F8E0 /* Base */,
			);
			name = Main.storyboard;
			sourceTree = "<group>";
		};
		40258FF926AEE2650095F8E0 /* LaunchScreen.storyboard */ = {
			isa = PBXVariantGroup;
			children = (
				40258FFA26AEE2650095F8E0 /* Base */,
			);
			name = LaunchScreen.storyboard;
			sourceTree = "<group>";
		};
/* End PBXVariantGroup section */

/* Begin XCBuildConfiguration section */
		40258FFD26AEE2650095F8E0 /* Debug */ = {
			isa = XCBuildConfiguration;
			buildSettings = {
				ALWAYS_SEARCH_USER_PATHS = NO;
				CLANG_ANALYZER_NONNULL = YES;
				CLANG_ANALYZER_NUMBER_OBJECT_CONVERSION = YES_AGGRESSIVE;
				CLANG_CXX_LANGUAGE_STANDARD = "gnu++14";
				CLANG_CXX_LIBRARY = "libc++";
				CLANG_ENABLE_MODULES = YES;
				CLANG_ENABLE_OBJC_ARC = YES;
				CLANG_ENABLE_OBJC_WEAK = YES;
				CLANG_WARN_BLOCK_CAPTURE_AUTORELEASING = YES;
				CLANG_WARN_BOOL_CONVERSION = YES;
				CLANG_WARN_COMMA = YES;
				CLANG_WARN_CONSTANT_CONVERSION = YES;
				CLANG_WARN_DEPRECATED_OBJC_IMPLEMENTATIONS = YES;
				CLANG_WARN_DIRECT_OBJC_ISA_USAGE = YES_ERROR;
				CLANG_WARN_DOCUMENTATION_COMMENTS = YES;
				CLANG_WARN_EMPTY_BODY = YES;
				CLANG_WARN_ENUM_CONVERSION = YES;
				CLANG_WARN_INFINITE_RECURSION = YES;
				CLANG_WARN_INT_CONVERSION = YES;
				CLANG_WARN_NON_LITERAL_NULL_CONVERSION = YES;
				CLANG_WARN_OBJC_IMPLICIT_RETAIN_SELF = YES;
				CLANG_WARN_OBJC_LITERAL_CONVERSION = YES;
				CLANG_WARN_OBJC_ROOT_CLASS = YES_ERROR;
				CLANG_WARN_QUOTED_INCLUDE_IN_FRAMEWORK_HEADER = YES;
				CLANG_WARN_RANGE_LOOP_ANALYSIS = YES;
				CLANG_WARN_STRICT_PROTOTYPES = YES;
				CLANG_WARN_SUSPICIOUS_MOVE = YES;
				CLANG_WARN_UNGUARDED_AVAILABILITY = YES_AGGRESSIVE;
				CLANG_WARN_UNREACHABLE_CODE = YES;
				CLANG_WARN__DUPLICATE_METHOD_MATCH = YES;
				COPY_PHASE_STRIP = NO;
				DEBUG_INFORMATION_FORMAT = dwarf;
				ENABLE_STRICT_OBJC_MSGSEND = YES;
				ENABLE_TESTABILITY = YES;
				GCC_C_LANGUAGE_STANDARD = gnu11;
				GCC_DYNAMIC_NO_PIC = NO;
				GCC_NO_COMMON_BLOCKS = YES;
				GCC_OPTIMIZATION_LEVEL = 0;
				GCC_PREPROCESSOR_DEFINITIONS = (
					"DEBUG=1",
					"$(inherited)",
				);
				GCC_WARN_64_TO_32_BIT_CONVERSION = YES;
				GCC_WARN_ABOUT_RETURN_TYPE = YES_ERROR;
				GCC_WARN_UNDECLARED_SELECTOR = YES;
				GCC_WARN_UNINITIALIZED_AUTOS = YES_AGGRESSIVE;
				GCC_WARN_UNUSED_FUNCTION = YES;
				GCC_WARN_UNUSED_VARIABLE = YES;
				IPHONEOS_DEPLOYMENT_TARGET = 14.5;
				MTL_ENABLE_DEBUG_INFO = INCLUDE_SOURCE;
				MTL_FAST_MATH = YES;
				ONLY_ACTIVE_ARCH = YES;
				SDKROOT = iphoneos;
				SWIFT_ACTIVE_COMPILATION_CONDITIONS = DEBUG;
				SWIFT_OPTIMIZATION_LEVEL = "-Onone";
			};
			name = Debug;
		};
		40258FFE26AEE2650095F8E0 /* Release */ = {
			isa = XCBuildConfiguration;
			buildSettings = {
				ALWAYS_SEARCH_USER_PATHS = NO;
				CLANG_ANALYZER_NONNULL = YES;
				CLANG_ANALYZER_NUMBER_OBJECT_CONVERSION = YES_AGGRESSIVE;
				CLANG_CXX_LANGUAGE_STANDARD = "gnu++14";
				CLANG_CXX_LIBRARY = "libc++";
				CLANG_ENABLE_MODULES = YES;
				CLANG_ENABLE_OBJC_ARC = YES;
				CLANG_ENABLE_OBJC_WEAK = YES;
				CLANG_WARN_BLOCK_CAPTURE_AUTORELEASING = YES;
				CLANG_WARN_BOOL_CONVERSION = YES;
				CLANG_WARN_COMMA = YES;
				CLANG_WARN_CONSTANT_CONVERSION = YES;
				CLANG_WARN_DEPRECATED_OBJC_IMPLEMENTATIONS = YES;
				CLANG_WARN_DIRECT_OBJC_ISA_USAGE = YES_ERROR;
				CLANG_WARN_DOCUMENTATION_COMMENTS = YES;
				CLANG_WARN_EMPTY_BODY = YES;
				CLANG_WARN_ENUM_CONVERSION = YES;
				CLANG_WARN_INFINITE_RECURSION = YES;
				CLANG_WARN_INT_CONVERSION = YES;
				CLANG_WARN_NON_LITERAL_NULL_CONVERSION = YES;
				CLANG_WARN_OBJC_IMPLICIT_RETAIN_SELF = YES;
				CLANG_WARN_OBJC_LITERAL_CONVERSION = YES;
				CLANG_WARN_OBJC_ROOT_CLASS = YES_ERROR;
				CLANG_WARN_QUOTED_INCLUDE_IN_FRAMEWORK_HEADER = YES;
				CLANG_WARN_RANGE_LOOP_ANALYSIS = YES;
				CLANG_WARN_STRICT_PROTOTYPES = YES;
				CLANG_WARN_SUSPICIOUS_MOVE = YES;
				CLANG_WARN_UNGUARDED_AVAILABILITY = YES_AGGRESSIVE;
				CLANG_WARN_UNREACHABLE_CODE = YES;
				CLANG_WARN__DUPLICATE_METHOD_MATCH = YES;
				COPY_PHASE_STRIP = NO;
				DEBUG_INFORMATION_FORMAT = "dwarf-with-dsym";
				ENABLE_NS_ASSERTIONS = NO;
				ENABLE_STRICT_OBJC_MSGSEND = YES;
				GCC_C_LANGUAGE_STANDARD = gnu11;
				GCC_NO_COMMON_BLOCKS = YES;
				GCC_WARN_64_TO_32_BIT_CONVERSION = YES;
				GCC_WARN_ABOUT_RETURN_TYPE = YES_ERROR;
				GCC_WARN_UNDECLARED_SELECTOR = YES;
				GCC_WARN_UNINITIALIZED_AUTOS = YES_AGGRESSIVE;
				GCC_WARN_UNUSED_FUNCTION = YES;
				GCC_WARN_UNUSED_VARIABLE = YES;
				IPHONEOS_DEPLOYMENT_TARGET = 14.5;
				MTL_ENABLE_DEBUG_INFO = NO;
				MTL_FAST_MATH = YES;
				SDKROOT = iphoneos;
				SWIFT_COMPILATION_MODE = wholemodule;
				SWIFT_OPTIMIZATION_LEVEL = "-O";
				VALIDATE_PRODUCT = YES;
			};
			name = Release;
		};
		4025900026AEE2650095F8E0 /* Debug */ = {
			isa = XCBuildConfiguration;
			baseConfigurationReference = 641AD4D99DACAC41CA7DDC7F /* Pods-NapsandMeditationAlarms.debug.xcconfig */;
			buildSettings = {
				ASSETCATALOG_COMPILER_APPICON_NAME = AppIcon;
				ASSETCATALOG_COMPILER_GLOBAL_ACCENT_COLOR_NAME = AccentColor;
				CODE_SIGN_STYLE = Automatic;
				DEVELOPMENT_TEAM = L765CYF8SR;
				INFOPLIST_FILE = NapsandMeditationAlarms/Info.plist;
				LD_RUNPATH_SEARCH_PATHS = (
					"$(inherited)",
					"@executable_path/Frameworks",
				);
				PRODUCT_BUNDLE_IDENTIFIER = com.jihun.NapsandMeditationAlarms;
				PRODUCT_NAME = "$(TARGET_NAME)";
				SWIFT_VERSION = 5.0;
				TARGETED_DEVICE_FAMILY = "1,2";
			};
			name = Debug;
		};
		4025900126AEE2650095F8E0 /* Release */ = {
			isa = XCBuildConfiguration;
			baseConfigurationReference = 0607256AB82011A494E11A58 /* Pods-NapsandMeditationAlarms.release.xcconfig */;
			buildSettings = {
				ASSETCATALOG_COMPILER_APPICON_NAME = AppIcon;
				ASSETCATALOG_COMPILER_GLOBAL_ACCENT_COLOR_NAME = AccentColor;
				CODE_SIGN_STYLE = Automatic;
				DEVELOPMENT_TEAM = L765CYF8SR;
				INFOPLIST_FILE = NapsandMeditationAlarms/Info.plist;
				LD_RUNPATH_SEARCH_PATHS = (
					"$(inherited)",
					"@executable_path/Frameworks",
				);
				PRODUCT_BUNDLE_IDENTIFIER = com.jihun.NapsandMeditationAlarms;
				PRODUCT_NAME = "$(TARGET_NAME)";
				SWIFT_VERSION = 5.0;
				TARGETED_DEVICE_FAMILY = "1,2";
			};
			name = Release;
		};
/* End XCBuildConfiguration section */

/* Begin XCConfigurationList section */
		40258FE626AEE2630095F8E0 /* Build configuration list for PBXProject "NapsandMeditationAlarms" */ = {
			isa = XCConfigurationList;
			buildConfigurations = (
				40258FFD26AEE2650095F8E0 /* Debug */,
				40258FFE26AEE2650095F8E0 /* Release */,
			);
			defaultConfigurationIsVisible = 0;
			defaultConfigurationName = Release;
		};
		40258FFF26AEE2650095F8E0 /* Build configuration list for PBXNativeTarget "NapsandMeditationAlarms" */ = {
			isa = XCConfigurationList;
			buildConfigurations = (
				4025900026AEE2650095F8E0 /* Debug */,
				4025900126AEE2650095F8E0 /* Release */,
			);
			defaultConfigurationIsVisible = 0;
			defaultConfigurationName = Release;
		};
/* End XCConfigurationList section */
	};
	rootObject = 40258FE326AEE2630095F8E0 /* Project object */;
}
